
Microsoft Visual Studio Solution File, Format Version 12.00
# Visual Studio Version 16
VisualStudioVersion = 16.0.29519.87
MinimumVisualStudioVersion = 10.0.40219.1
Project("{9092AA53-FB77-4645-B42D-1CCCA6BD08BD}") = "Typesafe in-memory database", "Typesafe in-memory database.njsproj", "{9F7F5FEE-7107-4249-85A7-022BC39C499F}"
EndProject
Global
	GlobalSection(SolutionConfigurationPlatforms) = preSolution
		Debug|Any CPU = Debug|Any CPU
		Release|Any CPU = Release|Any CPU
	EndGlobalSection
	GlobalSection(ProjectConfigurationPlatforms) = postSolution
		{9F7F5FEE-7107-4249-85A7-022BC39C499F}.Debug|Any CPU.ActiveCfg = Debug|Any CPU
		{9F7F5FEE-7107-4249-85A7-022BC39C499F}.Debug|Any CPU.Build.0 = Debug|Any CPU
		{9F7F5FEE-7107-4249-85A7-022BC39C499F}.Release|Any CPU.ActiveCfg = Release|Any CPU
		{9F7F5FEE-7107-4249-85A7-022BC39C499F}.Release|Any CPU.Build.0 = Release|Any CPU
	EndGlobalSection
	GlobalSection(SolutionProperties) = preSolution
		HideSolutionNode = FALSE
	EndGlobalSection
	GlobalSection(ExtensibilityGlobals) = postSolution
		SolutionGuid = {D8622073-F7A4-40D1-8F0C-78437B9E9C81}
	EndGlobalSection
EndGlobal
